# This file is generated by running "yarn install" inside your project.
# Manual changes might be lost - proceed with caution!

__metadata:
  version: 8
  cacheKey: 10c0

"@leeoniya/ufuzzy@npm:1.0.19":
  version: 1.0.19
  resolution: "@leeoniya/ufuzzy@npm:1.0.19"
  checksum: 10c0/a8d36a2672565d92a3ff41dff335b02bc3ee8c27974e7f680da9e19457702e8b39b0132ad5c480ee064acc9871f590672e23533c492ea68b20a0fb4c32a116c6
  languageName: node
  linkType: hard

"react-dom@npm:19.2.4":
  version: 19.2.4
  resolution: "react-dom@npm:19.2.4"
  dependencies:
    scheduler: "npm:^0.27.0"
  peerDependencies:
    react: ^19.2.4
  checksum: 10c0/f0c63f1794dedb154136d4d0f59af00b41907f4859571c155940296808f4b94bf9c0c20633db75b5b2112ec13d8d7dd4f9bf57362ed48782f317b11d05a44f35
  languageName: node
  linkType: hard

"react@npm:19.2.4":
  version: 19.2.4
  resolution: "react@npm:19.2.4"
  checksum: 10c0/cd2c9ff67a720799cc3b38a516009986f7fc4cb8d3e15716c6211cf098d1357ee3e348ab05ad0600042bbb0fd888530ba92e329198c92eafa0994f5213396596
  languageName: node
  linkType: hard

"root-workspace-0b6124@workspace:.":
  version: 0.0.0-use.local
  resolution: "root-workspace-0b6124@workspace:."
  dependencies:
    "@leeoniya/ufuzzy": "npm:1.0.19"
    react: "npm:19.2.4"
    react-dom: "npm:19.2.4"
    tinycolor2: "npm:1.6.0"
  languageName: unknown
  linkType: soft

"scheduler@npm:^0.27.0":
  version: 0.27.0
  resolution: "scheduler@npm:0.27.0"
  checksum: 10c0/4f03048cb05a3c8fddc45813052251eca00688f413a3cee236d984a161da28db28ba71bd11e7a3dd02f7af84ab28d39fb311431d3b3772fed557945beb00c452
  languageName: node
  linkType: hard

"tinycolor2@npm:1.6.0":
  version: 1.6.0
  resolution: "tinycolor2@npm:1.6.0"
  checksum: 10c0/9aa79a36ba2c2a87cb221453465cabacd04b9e35f9694373e846fdc78b1c768110f81e581ea41440106c0f24d9a023891d0887e8075885e790ac40eb0e74a5c1
  languageName: node
  linkType: hard
